// !$*UTF8*$!
{
	archiveVersion = 1;
	classes = {
	};
	objectVersion = 51;
	objects = {

/* Begin PBXBuildFile section */
		0339992F5EF8DE85FD5B8FBA /* Pods_CTEx.framework in Frameworks */ = {isa = PBXBuildFile; fileRef = 4ED81DD78EA68A78B6E47BD5 /* Pods_CTEx.framework */; };
		AF39134F2408415600845A1D /* AppDelegate.swift in Sources */ = {isa = PBXBuildFile; fileRef = AF39134E2408415600845A1D /* AppDelegate.swift */; };
		AF3913512408415600845A1D /* SceneDelegate.swift in Sources */ = {isa = PBXBuildFile; fileRef = AF3913502408415600845A1D /* SceneDelegate.swift */; };
		AF3913532408415600845A1D /* HomeViewController.swift in Sources */ = {isa = PBXBuildFile; fileRef = AF3913522408415600845A1D /* HomeViewController.swift */; };
		AF3913562408415600845A1D /* Main.storyboard in Resources */ = {isa = PBXBuildFile; fileRef = AF3913542408415600845A1D /* Main.storyboard */; };
		AF39135B2408415D00845A1D /* LaunchScreen.storyboard in Resources */ = {isa = PBXBuildFile; fileRef = AF3913592408415D00845A1D /* LaunchScreen.storyboard */; };
		AF3913632408459B00845A1D /* AboutViewController.swift in Sources */ = {isa = PBXBuildFile; fileRef = AF3913622408459B00845A1D /* AboutViewController.swift */; };
		AF39136524084A0C00845A1D /* ProfileViewController.swift in Sources */ = {isa = PBXBuildFile; fileRef = AF39136424084A0C00845A1D /* ProfileViewController.swift */; };
		AF3913672408526B00845A1D /* MenuViewController.swift in Sources */ = {isa = PBXBuildFile; fileRef = AF3913662408526B00845A1D /* MenuViewController.swift */; };
		AF7A4F93240EE1DF0030949E /* CutomLoginViewController.swift in Sources */ = {isa = PBXBuildFile; fileRef = AF7A4F92240EE1DF0030949E /* CutomLoginViewController.swift */; };
		AF7A4F95240EE21C0030949E /* SignUpViewController.swift in Sources */ = {isa = PBXBuildFile; fileRef = AF7A4F94240EE21C0030949E /* SignUpViewController.swift */; };
		AF7A4F97240EE22E0030949E /* LoginViewController.swift in Sources */ = {isa = PBXBuildFile; fileRef = AF7A4F96240EE22E0030949E /* LoginViewController.swift */; };
		AF7A4F99240EE2630030949E /* LoginHomeViewController.swift in Sources */ = {isa = PBXBuildFile; fileRef = AF7A4F98240EE2630030949E /* LoginHomeViewController.swift */; };
		AF7A4F9D240EEFD90030949E /* Utilities.swift in Sources */ = {isa = PBXBuildFile; fileRef = AF7A4F9C240EEFD90030949E /* Utilities.swift */; };
		AFBE8F25241171A300863BFA /* GoogleService-Info.plist in Resources */ = {isa = PBXBuildFile; fileRef = AFBE8F24241171A300863BFA /* GoogleService-Info.plist */; };
		DD74DFD924294C7F0070C06C /* CTExSearchBar in Resources */ = {isa = PBXBuildFile; fileRef = DD74DFD824294C7D0070C06C /* CTExSearchBar */; };
		DD74DFE324299BC00070C06C /* Assets.xcassets in Resources */ = {isa = PBXBuildFile; fileRef = DD74DFE224299BC00070C06C /* Assets.xcassets */; };
		DDCFB2262429B73D00D8FD14 /* TableViewController.swift in Sources */ = {isa = PBXBuildFile; fileRef = DDCFB2252429B73C00D8FD14 /* TableViewController.swift */; };
		DDCFB2382429B76700D8FD14 /* TableViewCell.swift in Sources */ = {isa = PBXBuildFile; fileRef = DDCFB2292429B76300D8FD14 /* TableViewCell.swift */; };
		DDCFB2392429B76700D8FD14 /* CoreDataManager.swift in Sources */ = {isa = PBXBuildFile; fileRef = DDCFB2302429B76400D8FD14 /* CoreDataManager.swift */; };
		DDCFB23B2429B76700D8FD14 /* .gitignore in Resources */ = {isa = PBXBuildFile; fileRef = DDCFB2322429B76500D8FD14 /* .gitignore */; };
		DDCFB23D2429B76700D8FD14 /* CoreData.xcdatamodeld in Sources */ = {isa = PBXBuildFile; fileRef = DDCFB2342429B76600D8FD14 /* CoreData.xcdatamodeld */; };
/* End PBXBuildFile section */

/* Begin PBXContainerItemProxy section */
		DDCFB2422429C3F000D8FD14 /* PBXContainerItemProxy */ = {
			isa = PBXContainerItemProxy;
			containerPortal = DDCFB23E2429C3EF00D8FD14 /* CoreData.xcodeproj */;
			proxyType = 2;
			remoteGlobalIDString = A17A578B1E1605ED0058ED13;
			remoteInfo = CoreDataDemo1;
		};
/* End PBXContainerItemProxy section */

/* Begin PBXFileReference section */
		394821187FB8FA00DAC432CD /* Pods-CTEx.release.xcconfig */ = {isa = PBXFileReference; includeInIndex = 1; lastKnownFileType = text.xcconfig; name = "Pods-CTEx.release.xcconfig"; path = "Target Support Files/Pods-CTEx/Pods-CTEx.release.xcconfig"; sourceTree = "<group>"; };
		4ED81DD78EA68A78B6E47BD5 /* Pods_CTEx.framework */ = {isa = PBXFileReference; explicitFileType = wrapper.framework; includeInIndex = 0; path = Pods_CTEx.framework; sourceTree = BUILT_PRODUCTS_DIR; };
		AF39134B2408415600845A1D /* CTEx.app */ = {isa = PBXFileReference; explicitFileType = wrapper.application; includeInIndex = 0; path = CTEx.app; sourceTree = BUILT_PRODUCTS_DIR; };
		AF39134E2408415600845A1D /* AppDelegate.swift */ = {isa = PBXFileReference; lastKnownFileType = sourcecode.swift; path = AppDelegate.swift; sourceTree = "<group>"; };
		AF3913502408415600845A1D /* SceneDelegate.swift */ = {isa = PBXFileReference; lastKnownFileType = sourcecode.swift; path = SceneDelegate.swift; sourceTree = "<group>"; };
		AF3913522408415600845A1D /* HomeViewController.swift */ = {isa = PBXFileReference; lastKnownFileType = sourcecode.swift; path = HomeViewController.swift; sourceTree = "<group>"; };
		AF3913552408415600845A1D /* Base */ = {isa = PBXFileReference; lastKnownFileType = file.storyboard; name = Base; path = Base.lproj/Main.storyboard; sourceTree = "<group>"; };
		AF39135A2408415D00845A1D /* Base */ = {isa = PBXFileReference; lastKnownFileType = file.storyboard; name = Base; path = Base.lproj/LaunchScreen.storyboard; sourceTree = "<group>"; };
		AF39135C2408415D00845A1D /* Info.plist */ = {isa = PBXFileReference; lastKnownFileType = text.plist.xml; path = Info.plist; sourceTree = "<group>"; };
		AF3913622408459B00845A1D /* AboutViewController.swift */ = {isa = PBXFileReference; lastKnownFileType = sourcecode.swift; path = AboutViewController.swift; sourceTree = "<group>"; };
		AF39136424084A0C00845A1D /* ProfileViewController.swift */ = {isa = PBXFileReference; lastKnownFileType = sourcecode.swift; path = ProfileViewController.swift; sourceTree = "<group>"; };
		AF3913662408526B00845A1D /* MenuViewController.swift */ = {isa = PBXFileReference; lastKnownFileType = sourcecode.swift; path = MenuViewController.swift; sourceTree = "<group>"; };
		AF7A4F92240EE1DF0030949E /* CutomLoginViewController.swift */ = {isa = PBXFileReference; lastKnownFileType = sourcecode.swift; path = CutomLoginViewController.swift; sourceTree = "<group>"; };
		AF7A4F94240EE21C0030949E /* SignUpViewController.swift */ = {isa = PBXFileReference; lastKnownFileType = sourcecode.swift; path = SignUpViewController.swift; sourceTree = "<group>"; };
		AF7A4F96240EE22E0030949E /* LoginViewController.swift */ = {isa = PBXFileReference; lastKnownFileType = sourcecode.swift; path = LoginViewController.swift; sourceTree = "<group>"; };
		AF7A4F98240EE2630030949E /* LoginHomeViewController.swift */ = {isa = PBXFileReference; lastKnownFileType = sourcecode.swift; path = LoginHomeViewController.swift; sourceTree = "<group>"; };
		AF7A4F9C240EEFD90030949E /* Utilities.swift */ = {isa = PBXFileReference; fileEncoding = 4; lastKnownFileType = sourcecode.swift; path = Utilities.swift; sourceTree = "<group>"; };
		AFBE8F24241171A300863BFA /* GoogleService-Info.plist */ = {isa = PBXFileReference; fileEncoding = 4; lastKnownFileType = text.plist.xml; path = "GoogleService-Info.plist"; sourceTree = "<group>"; };
		B387A0D7E1A3FFB02A90EA58 /* Pods-CTEx.debug.xcconfig */ = {isa = PBXFileReference; includeInIndex = 1; lastKnownFileType = text.xcconfig; name = "Pods-CTEx.debug.xcconfig"; path = "Target Support Files/Pods-CTEx/Pods-CTEx.debug.xcconfig"; sourceTree = "<group>"; };
		DD74DFD824294C7D0070C06C /* CTExSearchBar */ = {isa = PBXFileReference; lastKnownFileType = folder; name = CTExSearchBar; path = ../../CTExSearchBar; sourceTree = "<group>"; };
		DD74DFE224299BC00070C06C /* Assets.xcassets */ = {isa = PBXFileReference; lastKnownFileType = folder.assetcatalog; name = Assets.xcassets; path = ../../CTExSearchBar/CoreData/Assets.xcassets; sourceTree = "<group>"; };
		DDCFB2252429B73C00D8FD14 /* TableViewController.swift */ = {isa = PBXFileReference; fileEncoding = 4; lastKnownFileType = sourcecode.swift; name = TableViewController.swift; path = ../../CTExSearchBar/TableViewController.swift; sourceTree = "<group>"; };
		DDCFB2292429B76300D8FD14 /* TableViewCell.swift */ = {isa = PBXFileReference; fileEncoding = 4; lastKnownFileType = sourcecode.swift; name = TableViewCell.swift; path = ../../CTExSearchBar/CoreData/TableViewCell.swift; sourceTree = "<group>"; };
		DDCFB2302429B76400D8FD14 /* CoreDataManager.swift */ = {isa = PBXFileReference; fileEncoding = 4; lastKnownFileType = sourcecode.swift; name = CoreDataManager.swift; path = ../../CTExSearchBar/CoreData/CoreDataManager.swift; sourceTree = "<group>"; };
		DDCFB2322429B76500D8FD14 /* .gitignore */ = {isa = PBXFileReference; fileEncoding = 4; lastKnownFileType = text; name = .gitignore; path = ../../CTExSearchBar/.gitignore; sourceTree = "<group>"; };
		DDCFB2352429B76600D8FD14 /* CoreDataDemo1.xcdatamodel */ = {isa = PBXFileReference; lastKnownFileType = wrapper.xcdatamodel; path = CoreDataDemo1.xcdatamodel; sourceTree = "<group>"; };
		DDCFB23E2429C3EF00D8FD14 /* CoreData.xcodeproj */ = {isa = PBXFileReference; lastKnownFileType = "wrapper.pb-project"; name = CoreData.xcodeproj; path = ../../CTExSearchBar/CoreData.xcodeproj; sourceTree = "<group>"; };
/* End PBXFileReference section */

/* Begin PBXFrameworksBuildPhase section */
		AF3913482408415600845A1D /* Frameworks */ = {
			isa = PBXFrameworksBuildPhase;
			buildActionMask = 2147483647;
			files = (
				0339992F5EF8DE85FD5B8FBA /* Pods_CTEx.framework in Frameworks */,
			);
			runOnlyForDeploymentPostprocessing = 0;
		};
/* End PBXFrameworksBuildPhase section */

/* Begin PBXGroup section */
		089491BD50DAC2DE75C0E3AF /* Pods */ = {
			isa = PBXGroup;
			children = (
				B387A0D7E1A3FFB02A90EA58 /* Pods-CTEx.debug.xcconfig */,
				394821187FB8FA00DAC432CD /* Pods-CTEx.release.xcconfig */,
			);
			path = Pods;
			sourceTree = "<group>";
		};
		100F04D1637B6E5E7E7226A5 /* Frameworks */ = {
			isa = PBXGroup;
			children = (
				4ED81DD78EA68A78B6E47BD5 /* Pods_CTEx.framework */,
			);
			name = Frameworks;
			sourceTree = "<group>";
		};
		AF3913422408415600845A1D = {
			isa = PBXGroup;
			children = (
				AF39134D2408415600845A1D /* CTEx */,
				AF39134C2408415600845A1D /* Products */,
				089491BD50DAC2DE75C0E3AF /* Pods */,
				100F04D1637B6E5E7E7226A5 /* Frameworks */,
			);
			sourceTree = "<group>";
		};
		AF39134C2408415600845A1D /* Products */ = {
			isa = PBXGroup;
			children = (
				AF39134B2408415600845A1D /* CTEx.app */,
			);
			name = Products;
			sourceTree = "<group>";
		};
		AF39134D2408415600845A1D /* CTEx */ = {
			isa = PBXGroup;
			children = (
				DD74DFD824294C7D0070C06C /* CTExSearchBar */,
				AF7A4F9B240EEF820030949E /* LoginHelpers */,
				AF7A4F9A240EE2B90030949E /* Login */,
				DDCFB2322429B76500D8FD14 /* .gitignore */,
				AF39134E2408415600845A1D /* AppDelegate.swift */,
				DDCFB23E2429C3EF00D8FD14 /* CoreData.xcodeproj */,
				AF3913502408415600845A1D /* SceneDelegate.swift */,
				AF3913542408415600845A1D /* Main.storyboard */,
				AF3913522408415600845A1D /* HomeViewController.swift */,
				DDCFB2252429B73C00D8FD14 /* TableViewController.swift */,
				DDCFB2342429B76600D8FD14 /* CoreData.xcdatamodeld */,
				DDCFB2302429B76400D8FD14 /* CoreDataManager.swift */,
				DDCFB2292429B76300D8FD14 /* TableViewCell.swift */,
				AFBE8F232411716A00863BFA /* Menu */,
				DD74DFE224299BC00070C06C /* Assets.xcassets */,
				AF3913592408415D00845A1D /* LaunchScreen.storyboard */,
				AFBE8F24241171A300863BFA /* GoogleService-Info.plist */,
				AF39135C2408415D00845A1D /* Info.plist */,
			);
			path = CTEx;
			sourceTree = "<group>";
		};
		AF7A4F9A240EE2B90030949E /* Login */ = {
			isa = PBXGroup;
			children = (
				AF7A4F92240EE1DF0030949E /* CutomLoginViewController.swift */,
				AF7A4F94240EE21C0030949E /* SignUpViewController.swift */,
				AF7A4F96240EE22E0030949E /* LoginViewController.swift */,
				AF7A4F98240EE2630030949E /* LoginHomeViewController.swift */,
			);
			path = Login;
			sourceTree = "<group>";
		};
		AF7A4F9B240EEF820030949E /* LoginHelpers */ = {
			isa = PBXGroup;
			children = (
				AF7A4F9C240EEFD90030949E /* Utilities.swift */,
			);
			path = LoginHelpers;
			sourceTree = "<group>";
		};
		AFBE8F232411716A00863BFA /* Menu */ = {
			isa = PBXGroup;
			children = (
				AF3913622408459B00845A1D /* AboutViewController.swift */,
				AF39136424084A0C00845A1D /* ProfileViewController.swift */,
				AF3913662408526B00845A1D /* MenuViewController.swift */,
			);
			path = Menu;
			sourceTree = "<group>";
		};
		DDCFB23F2429C3EF00D8FD14 /* Products */ = {
			isa = PBXGroup;
			children = (
				DDCFB2432429C3F000D8FD14 /* CoreDataDemo1.app */,
			);
			name = Products;
			sourceTree = "<group>";
		};
/* End PBXGroup section */

/* Begin PBXNativeTarget section */
		AF39134A2408415600845A1D /* CTEx */ = {
			isa = PBXNativeTarget;
			buildConfigurationList = AF39135F2408415D00845A1D /* Build configuration list for PBXNativeTarget "CTEx" */;
			buildPhases = (
				C2C419826CC13AD13EFAE30F /* [CP] Check Pods Manifest.lock */,
				AF3913472408415600845A1D /* Sources */,
				AF3913482408415600845A1D /* Frameworks */,
				AF3913492408415600845A1D /* Resources */,
				9B6EE7607C53AB3E7608EBD5 /* [CP] Embed Pods Frameworks */,
			);
			buildRules = (
			);
			dependencies = (
			);
			name = CTEx;
			productName = CTEx;
			productReference = AF39134B2408415600845A1D /* CTEx.app */;
			productType = "com.apple.product-type.application";
		};
/* End PBXNativeTarget section */

/* Begin PBXProject section */
		AF3913432408415600845A1D /* Project object */ = {
			isa = PBXProject;
			attributes = {
				LastSwiftUpdateCheck = 1130;
				LastUpgradeCheck = 1130;
				ORGANIZATIONNAME = "Murat Bekgi";
				TargetAttributes = {
					AF39134A2408415600845A1D = {
						CreatedOnToolsVersion = 11.3.1;
					};
				};
			};
			buildConfigurationList = AF3913462408415600845A1D /* Build configuration list for PBXProject "CTEx" */;
			compatibilityVersion = "Xcode 9.3";
			developmentRegion = en;
			hasScannedForEncodings = 0;
			knownRegions = (
				en,
				Base,
			);
			mainGroup = AF3913422408415600845A1D;
			productRefGroup = AF39134C2408415600845A1D /* Products */;
			projectDirPath = "";
			projectReferences = (
				{
					ProductGroup = DDCFB23F2429C3EF00D8FD14 /* Products */;
					ProjectRef = DDCFB23E2429C3EF00D8FD14 /* CoreData.xcodeproj */;
				},
			);
			projectRoot = "";
			targets = (
				AF39134A2408415600845A1D /* CTEx */,
			);
		};
/* End PBXProject section */

/* Begin PBXReferenceProxy section */
		DDCFB2432429C3F000D8FD14 /* CoreDataDemo1.app */ = {
			isa = PBXReferenceProxy;
			fileType = wrapper.application;
			path = CoreDataDemo1.app;
			remoteRef = DDCFB2422429C3F000D8FD14 /* PBXContainerItemProxy */;
			sourceTree = BUILT_PRODUCTS_DIR;
		};
/* End PBXReferenceProxy section */

/* Begin PBXResourcesBuildPhase section */
		AF3913492408415600845A1D /* Resources */ = {
			isa = PBXResourcesBuildPhase;
			buildActionMask = 2147483647;
			files = (
				DDCFB23B2429B76700D8FD14 /* .gitignore in Resources */,
				AF39135B2408415D00845A1D /* LaunchScreen.storyboard in Resources */,
				DD74DFD924294C7F0070C06C /* CTExSearchBar in Resources */,
				AFBE8F25241171A300863BFA /* GoogleService-Info.plist in Resources */,
				DD74DFE324299BC00070C06C /* Assets.xcassets in Resources */,
				AF3913562408415600845A1D /* Main.storyboard in Resources */,
			);
			runOnlyForDeploymentPostprocessing = 0;
		};
/* End PBXResourcesBuildPhase section */

/* Begin PBXShellScriptBuildPhase section */
		9B6EE7607C53AB3E7608EBD5 /* [CP] Embed Pods Frameworks */ = {
			isa = PBXShellScriptBuildPhase;
			buildActionMask = 2147483647;
			files = (
			);
			inputFileListPaths = (
				"${PODS_ROOT}/Target Support Files/Pods-CTEx/Pods-CTEx-frameworks-${CONFIGURATION}-input-files.xcfilelist",
			);
			name = "[CP] Embed Pods Frameworks";
			outputFileListPaths = (
				"${PODS_ROOT}/Target Support Files/Pods-CTEx/Pods-CTEx-frameworks-${CONFIGURATION}-output-files.xcfilelist",
			);
			runOnlyForDeploymentPostprocessing = 0;
			shellPath = /bin/sh;
			shellScript = "\"${PODS_ROOT}/Target Support Files/Pods-CTEx/Pods-CTEx-frameworks.sh\"\n";
			showEnvVarsInLog = 0;
		};
		C2C419826CC13AD13EFAE30F /* [CP] Check Pods Manifest.lock */ = {
			isa = PBXShellScriptBuildPhase;
			buildActionMask = 2147483647;
			files = (
			);
			inputFileListPaths = (
			);
			inputPaths = (
				"${PODS_PODFILE_DIR_PATH}/Podfile.lock",
				"${PODS_ROOT}/Manifest.lock",
			);
			name = "[CP] Check Pods Manifest.lock";
			outputFileListPaths = (
			);
			outputPaths = (
				"$(DERIVED_FILE_DIR)/Pods-CTEx-checkManifestLockResult.txt",
			);
			runOnlyForDeploymentPostprocessing = 0;
			shellPath = /bin/sh;
			shellScript = "diff \"${PODS_PODFILE_DIR_PATH}/Podfile.lock\" \"${PODS_ROOT}/Manifest.lock\" > /dev/null\nif [ $? != 0 ] ; then\n    # print error to STDERR\n    echo \"error: The sandbox is not in sync with the Podfile.lock. Run 'pod install' or update your CocoaPods installation.\" >&2\n    exit 1\nfi\n# This output is used by Xcode 'outputs' to avoid re-running this script phase.\necho \"SUCCESS\" > \"${SCRIPT_OUTPUT_FILE_0}\"\n";
			showEnvVarsInLog = 0;
		};
/* End PBXShellScriptBuildPhase section */

/* Begin PBXSourcesBuildPhase section */
		AF3913472408415600845A1D /* Sources */ = {
			isa = PBXSourcesBuildPhase;
			buildActionMask = 2147483647;
			files = (
				DDCFB23D2429B76700D8FD14 /* CoreData.xcdatamodeld in Sources */,
				AF7A4F97240EE22E0030949E /* LoginViewController.swift in Sources */,
				AF7A4F93240EE1DF0030949E /* CutomLoginViewController.swift in Sources */,
				AF7A4F9D240EEFD90030949E /* Utilities.swift in Sources */,
				DDCFB2392429B76700D8FD14 /* CoreDataManager.swift in Sources */,
				AF3913632408459B00845A1D /* AboutViewController.swift in Sources */,
				AF7A4F95240EE21C0030949E /* SignUpViewController.swift in Sources */,
				DDCFB2382429B76700D8FD14 /* TableViewCell.swift in Sources */,
				AF3913672408526B00845A1D /* MenuViewController.swift in Sources */,
				AF7A4F99240EE2630030949E /* LoginHomeViewController.swift in Sources */,
				DDCFB2262429B73D00D8FD14 /* TableViewController.swift in Sources */,
				AF3913532408415600845A1D /* HomeViewController.swift in Sources */,
				AF39136524084A0C00845A1D /* ProfileViewController.swift in Sources */,
				AF39134F2408415600845A1D /* AppDelegate.swift in Sources */,
				AF3913512408415600845A1D /* SceneDelegate.swift in Sources */,
			);
			runOnlyForDeploymentPostprocessing = 0;
		};
/* End PBXSourcesBuildPhase section */

/* Begin PBXVariantGroup section */
		AF3913542408415600845A1D /* Main.storyboard */ = {
			isa = PBXVariantGroup;
			children = (
				AF3913552408415600845A1D /* Base */,
			);
			name = Main.storyboard;
			sourceTree = "<group>";
		};
		AF3913592408415D00845A1D /* LaunchScreen.storyboard */ = {
			isa = PBXVariantGroup;
			children = (
				AF39135A2408415D00845A1D /* Base */,
			);
			name = LaunchScreen.storyboard;
			sourceTree = "<group>";
		};
/* End PBXVariantGroup section */

/* Begin XCBuildConfiguration section */
		AF39135D2408415D00845A1D /* Debug */ = {
			isa = XCBuildConfiguration;
			buildSettings = {
				ALWAYS_SEARCH_USER_PATHS = NO;
				CLANG_ANALYZER_NONNULL = YES;
				CLANG_ANALYZER_NUMBER_OBJECT_CONVERSION = YES_AGGRESSIVE;
				CLANG_CXX_LANGUAGE_STANDARD = "gnu++14";
				CLANG_CXX_LIBRARY = "libc++";
				CLANG_ENABLE_MODULES = YES;
				CLANG_ENABLE_OBJC_ARC = YES;
				CLANG_ENABLE_OBJC_WEAK = YES;
				CLANG_WARN_BLOCK_CAPTURE_AUTORELEASING = YES;
				CLANG_WARN_BOOL_CONVERSION = YES;
				CLANG_WARN_COMMA = YES;
				CLANG_WARN_CONSTANT_CONVERSION = YES;
				CLANG_WARN_DEPRECATED_OBJC_IMPLEMENTATIONS = YES;
				CLANG_WARN_DIRECT_OBJC_ISA_USAGE = YES_ERROR;
				CLANG_WARN_DOCUMENTATION_COMMENTS = YES;
				CLANG_WARN_EMPTY_BODY = YES;
				CLANG_WARN_ENUM_CONVERSION = YES;
				CLANG_WARN_INFINITE_RECURSION = YES;
				CLANG_WARN_INT_CONVERSION = YES;
				CLANG_WARN_NON_LITERAL_NULL_CONVERSION = YES;
				CLANG_WARN_OBJC_IMPLICIT_RETAIN_SELF = YES;
				CLANG_WARN_OBJC_LITERAL_CONVERSION = YES;
				CLANG_WARN_OBJC_ROOT_CLASS = YES_ERROR;
				CLANG_WARN_RANGE_LOOP_ANALYSIS = YES;
				CLANG_WARN_STRICT_PROTOTYPES = YES;
				CLANG_WARN_SUSPICIOUS_MOVE = YES;
				CLANG_WARN_UNGUARDED_AVAILABILITY = YES_AGGRESSIVE;
				CLANG_WARN_UNREACHABLE_CODE = YES;
				CLANG_WARN__DUPLICATE_METHOD_MATCH = YES;
				COPY_PHASE_STRIP = NO;
				DEBUG_INFORMATION_FORMAT = dwarf;
				ENABLE_STRICT_OBJC_MSGSEND = YES;
				ENABLE_TESTABILITY = YES;
				GCC_C_LANGUAGE_STANDARD = gnu11;
				GCC_DYNAMIC_NO_PIC = NO;
				GCC_NO_COMMON_BLOCKS = YES;
				GCC_OPTIMIZATION_LEVEL = 0;
				GCC_PREPROCESSOR_DEFINITIONS = (
					"DEBUG=1",
					"$(inherited)",
				);
				GCC_WARN_64_TO_32_BIT_CONVERSION = YES;
				GCC_WARN_ABOUT_RETURN_TYPE = YES_ERROR;
				GCC_WARN_UNDECLARED_SELECTOR = YES;
				GCC_WARN_UNINITIALIZED_AUTOS = YES_AGGRESSIVE;
				GCC_WARN_UNUSED_FUNCTION = YES;
				GCC_WARN_UNUSED_VARIABLE = YES;
				IPHONEOS_DEPLOYMENT_TARGET = 13.2;
				MTL_ENABLE_DEBUG_INFO = INCLUDE_SOURCE;
				MTL_FAST_MATH = YES;
				ONLY_ACTIVE_ARCH = YES;
				SDKROOT = iphoneos;
				SWIFT_ACTIVE_COMPILATION_CONDITIONS = DEBUG;
				SWIFT_OPTIMIZATION_LEVEL = "-Onone";
			};
			name = Debug;
		};
		AF39135E2408415D00845A1D /* Release */ = {
			isa = XCBuildConfiguration;
			buildSettings = {
				ALWAYS_SEARCH_USER_PATHS = NO;
				CLANG_ANALYZER_NONNULL = YES;
				CLANG_ANALYZER_NUMBER_OBJECT_CONVERSION = YES_AGGRESSIVE;
				CLANG_CXX_LANGUAGE_STANDARD = "gnu++14";
				CLANG_CXX_LIBRARY = "libc++";
				CLANG_ENABLE_MODULES = YES;
				CLANG_ENABLE_OBJC_ARC = YES;
				CLANG_ENABLE_OBJC_WEAK = YES;
				CLANG_WARN_BLOCK_CAPTURE_AUTORELEASING = YES;
				CLANG_WARN_BOOL_CONVERSION = YES;
				CLANG_WARN_COMMA = YES;
				CLANG_WARN_CONSTANT_CONVERSION = YES;
				CLANG_WARN_DEPRECATED_OBJC_IMPLEMENTATIONS = YES;
				CLANG_WARN_DIRECT_OBJC_ISA_USAGE = YES_ERROR;
				CLANG_WARN_DOCUMENTATION_COMMENTS = YES;
				CLANG_WARN_EMPTY_BODY = YES;
				CLANG_WARN_ENUM_CONVERSION = YES;
				CLANG_WARN_INFINITE_RECURSION = YES;
				CLANG_WARN_INT_CONVERSION = YES;
				CLANG_WARN_NON_LITERAL_NULL_CONVERSION = YES;
				CLANG_WARN_OBJC_IMPLICIT_RETAIN_SELF = YES;
				CLANG_WARN_OBJC_LITERAL_CONVERSION = YES;
				CLANG_WARN_OBJC_ROOT_CLASS = YES_ERROR;
				CLANG_WARN_RANGE_LOOP_ANALYSIS = YES;
				CLANG_WARN_STRICT_PROTOTYPES = YES;
				CLANG_WARN_SUSPICIOUS_MOVE = YES;
				CLANG_WARN_UNGUARDED_AVAILABILITY = YES_AGGRESSIVE;
				CLANG_WARN_UNREACHABLE_CODE = YES;
				CLANG_WARN__DUPLICATE_METHOD_MATCH = YES;
				COPY_PHASE_STRIP = NO;
				DEBUG_INFORMATION_FORMAT = "dwarf-with-dsym";
				ENABLE_NS_ASSERTIONS = NO;
				ENABLE_STRICT_OBJC_MSGSEND = YES;
				GCC_C_LANGUAGE_STANDARD = gnu11;
				GCC_NO_COMMON_BLOCKS = YES;
				GCC_WARN_64_TO_32_BIT_CONVERSION = YES;
				GCC_WARN_ABOUT_RETURN_TYPE = YES_ERROR;
				GCC_WARN_UNDECLARED_SELECTOR = YES;
				GCC_WARN_UNINITIALIZED_AUTOS = YES_AGGRESSIVE;
				GCC_WARN_UNUSED_FUNCTION = YES;
				GCC_WARN_UNUSED_VARIABLE = YES;
				IPHONEOS_DEPLOYMENT_TARGET = 13.2;
				MTL_ENABLE_DEBUG_INFO = NO;
				MTL_FAST_MATH = YES;
				SDKROOT = iphoneos;
				SWIFT_COMPILATION_MODE = wholemodule;
				SWIFT_OPTIMIZATION_LEVEL = "-O";
				VALIDATE_PRODUCT = YES;
			};
			name = Release;
		};
		AF3913602408415D00845A1D /* Debug */ = {
			isa = XCBuildConfiguration;
			baseConfigurationReference = B387A0D7E1A3FFB02A90EA58 /* Pods-CTEx.debug.xcconfig */;
			buildSettings = {
				ASSETCATALOG_COMPILER_APPICON_NAME = AppIcon;
				CODE_SIGN_STYLE = Automatic;
				INFOPLIST_FILE = CTEx/Info.plist;
				LD_RUNPATH_SEARCH_PATHS = (
					"$(inherited)",
					"@executable_path/Frameworks",
				);
				PRODUCT_BUNDLE_IDENTIFIER = com.muratbekgi.CTEx;
				PRODUCT_NAME = "$(TARGET_NAME)";
				SWIFT_VERSION = 5.0;
				TARGETED_DEVICE_FAMILY = "1,2";
			};
			name = Debug;
		};
		AF3913612408415D00845A1D /* Release */ = {
			isa = XCBuildConfiguration;
			baseConfigurationReference = 394821187FB8FA00DAC432CD /* Pods-CTEx.release.xcconfig */;
			buildSettings = {
				ASSETCATALOG_COMPILER_APPICON_NAME = AppIcon;
				CODE_SIGN_STYLE = Automatic;
				INFOPLIST_FILE = CTEx/Info.plist;
				LD_RUNPATH_SEARCH_PATHS = (
					"$(inherited)",
					"@executable_path/Frameworks",
				);
				PRODUCT_BUNDLE_IDENTIFIER = com.muratbekgi.CTEx;
				PRODUCT_NAME = "$(TARGET_NAME)";
				SWIFT_VERSION = 5.0;
				TARGETED_DEVICE_FAMILY = "1,2";
			};
			name = Release;
		};
/* End XCBuildConfiguration section */

/* Begin XCConfigurationList section */
		AF3913462408415600845A1D /* Build configuration list for PBXProject "CTEx" */ = {
			isa = XCConfigurationList;
			buildConfigurations = (
				AF39135D2408415D00845A1D /* Debug */,
				AF39135E2408415D00845A1D /* Release */,
			);
			defaultConfigurationIsVisible = 0;
			defaultConfigurationName = Release;
		};
		AF39135F2408415D00845A1D /* Build configuration list for PBXNativeTarget "CTEx" */ = {
			isa = XCConfigurationList;
			buildConfigurations = (
				AF3913602408415D00845A1D /* Debug */,
				AF3913612408415D00845A1D /* Release */,
			);
			defaultConfigurationIsVisible = 0;
			defaultConfigurationName = Release;
		};
/* End XCConfigurationList section */

/* Begin XCVersionGroup section */
		DDCFB2342429B76600D8FD14 /* CoreData.xcdatamodeld */ = {
			isa = XCVersionGroup;
			children = (
				DDCFB2352429B76600D8FD14 /* CoreDataDemo1.xcdatamodel */,
			);
			currentVersion = DDCFB2352429B76600D8FD14 /* CoreDataDemo1.xcdatamodel */;
			name = CoreData.xcdatamodeld;
			path = ../../CTExSearchBar/CoreData/CoreData.xcdatamodeld;
			sourceTree = "<group>";
			versionGroupType = wrapper.xcdatamodel;
		};
/* End XCVersionGroup section */
	};
	rootObject = AF3913432408415600845A1D /* Project object */;
}
