// !$*UTF8*$!
{
	archiveVersion = 1;
	classes = {
	};
	objectVersion = 50;
	objects = {

/* Begin PBXBuildFile section */
		5C7EBA64240DBEDE00E0AAC1 /* AppDelegate.swift in Sources */ = {isa = PBXBuildFile; fileRef = 5C7EBA63240DBEDE00E0AAC1 /* AppDelegate.swift */; };
		5C7EBA66240DBEDE00E0AAC1 /* ViewController.swift in Sources */ = {isa = PBXBuildFile; fileRef = 5C7EBA65240DBEDE00E0AAC1 /* ViewController.swift */; };
		5C7EBA69240DBEDE00E0AAC1 /* Main.storyboard in Resources */ = {isa = PBXBuildFile; fileRef = 5C7EBA67240DBEDE00E0AAC1 /* Main.storyboard */; };
		5C7EBA6B240DBEE000E0AAC1 /* Assets.xcassets in Resources */ = {isa = PBXBuildFile; fileRef = 5C7EBA6A240DBEE000E0AAC1 /* Assets.xcassets */; };
		5C7EBA6E240DBEE000E0AAC1 /* LaunchScreen.storyboard in Resources */ = {isa = PBXBuildFile; fileRef = 5C7EBA6C240DBEE000E0AAC1 /* LaunchScreen.storyboard */; };
		5C7EBA79240DBEE100E0AAC1 /* HomePageTests.swift in Sources */ = {isa = PBXBuildFile; fileRef = 5C7EBA78240DBEE100E0AAC1 /* HomePageTests.swift */; };
		5C7EBA84240DBEE100E0AAC1 /* HomePageUITests.swift in Sources */ = {isa = PBXBuildFile; fileRef = 5C7EBA83240DBEE100E0AAC1 /* HomePageUITests.swift */; };
		5C7EBA92240DE94800E0AAC1 /* DesignableView.swift in Sources */ = {isa = PBXBuildFile; fileRef = 5C7EBA91240DE94800E0AAC1 /* DesignableView.swift */; };
/* End PBXBuildFile section */

/* Begin PBXContainerItemProxy section */
		5C7EBA75240DBEE100E0AAC1 /* PBXContainerItemProxy */ = {
			isa = PBXContainerItemProxy;
			containerPortal = 5C7EBA58240DBEDE00E0AAC1 /* Project object */;
			proxyType = 1;
			remoteGlobalIDString = 5C7EBA5F240DBEDE00E0AAC1;
			remoteInfo = HomePage;
		};
		5C7EBA80240DBEE100E0AAC1 /* PBXContainerItemProxy */ = {
			isa = PBXContainerItemProxy;
			containerPortal = 5C7EBA58240DBEDE00E0AAC1 /* Project object */;
			proxyType = 1;
			remoteGlobalIDString = 5C7EBA5F240DBEDE00E0AAC1;
			remoteInfo = HomePage;
		};
/* End PBXContainerItemProxy section */

/* Begin PBXFileReference section */
		5C7EBA60240DBEDE00E0AAC1 /* HomePage.app */ = {isa = PBXFileReference; explicitFileType = wrapper.application; includeInIndex = 0; path = HomePage.app; sourceTree = BUILT_PRODUCTS_DIR; };
		5C7EBA63240DBEDE00E0AAC1 /* AppDelegate.swift */ = {isa = PBXFileReference; lastKnownFileType = sourcecode.swift; path = AppDelegate.swift; sourceTree = "<group>"; };
		5C7EBA65240DBEDE00E0AAC1 /* ViewController.swift */ = {isa = PBXFileReference; lastKnownFileType = sourcecode.swift; path = ViewController.swift; sourceTree = "<group>"; };
		5C7EBA68240DBEDE00E0AAC1 /* Base */ = {isa = PBXFileReference; lastKnownFileType = file.storyboard; name = Base; path = Base.lproj/Main.storyboard; sourceTree = "<group>"; };
		5C7EBA6A240DBEE000E0AAC1 /* Assets.xcassets */ = {isa = PBXFileReference; lastKnownFileType = folder.assetcatalog; path = Assets.xcassets; sourceTree = "<group>"; };
		5C7EBA6D240DBEE000E0AAC1 /* Base */ = {isa = PBXFileReference; lastKnownFileType = file.storyboard; name = Base; path = Base.lproj/LaunchScreen.storyboard; sourceTree = "<group>"; };
		5C7EBA6F240DBEE000E0AAC1 /* Info.plist */ = {isa = PBXFileReference; lastKnownFileType = text.plist.xml; path = Info.plist; sourceTree = "<group>"; };
		5C7EBA74240DBEE100E0AAC1 /* HomePageTests.xctest */ = {isa = PBXFileReference; explicitFileType = wrapper.cfbundle; includeInIndex = 0; path = HomePageTests.xctest; sourceTree = BUILT_PRODUCTS_DIR; };
		5C7EBA78240DBEE100E0AAC1 /* HomePageTests.swift */ = {isa = PBXFileReference; lastKnownFileType = sourcecode.swift; path = HomePageTests.swift; sourceTree = "<group>"; };
		5C7EBA7A240DBEE100E0AAC1 /* Info.plist */ = {isa = PBXFileReference; lastKnownFileType = text.plist.xml; path = Info.plist; sourceTree = "<group>"; };
		5C7EBA7F240DBEE100E0AAC1 /* HomePageUITests.xctest */ = {isa = PBXFileReference; explicitFileType = wrapper.cfbundle; includeInIndex = 0; path = HomePageUITests.xctest; sourceTree = BUILT_PRODUCTS_DIR; };
		5C7EBA83240DBEE100E0AAC1 /* HomePageUITests.swift */ = {isa = PBXFileReference; lastKnownFileType = sourcecode.swift; path = HomePageUITests.swift; sourceTree = "<group>"; };
		5C7EBA85240DBEE100E0AAC1 /* Info.plist */ = {isa = PBXFileReference; lastKnownFileType = text.plist.xml; path = Info.plist; sourceTree = "<group>"; };
		5C7EBA91240DE94800E0AAC1 /* DesignableView.swift */ = {isa = PBXFileReference; lastKnownFileType = sourcecode.swift; path = DesignableView.swift; sourceTree = "<group>"; };
/* End PBXFileReference section */

/* Begin PBXFrameworksBuildPhase section */
		5C7EBA5D240DBEDE00E0AAC1 /* Frameworks */ = {
			isa = PBXFrameworksBuildPhase;
			buildActionMask = 2147483647;
			files = (
			);
			runOnlyForDeploymentPostprocessing = 0;
		};
		5C7EBA71240DBEE100E0AAC1 /* Frameworks */ = {
			isa = PBXFrameworksBuildPhase;
			buildActionMask = 2147483647;
			files = (
			);
			runOnlyForDeploymentPostprocessing = 0;
		};
		5C7EBA7C240DBEE100E0AAC1 /* Frameworks */ = {
			isa = PBXFrameworksBuildPhase;
			buildActionMask = 2147483647;
			files = (
			);
			runOnlyForDeploymentPostprocessing = 0;
		};
/* End PBXFrameworksBuildPhase section */

/* Begin PBXGroup section */
		5C7EBA57240DBEDE00E0AAC1 = {
			isa = PBXGroup;
			children = (
				5C7EBA62240DBEDE00E0AAC1 /* HomePage */,
				5C7EBA77240DBEE100E0AAC1 /* HomePageTests */,
				5C7EBA82240DBEE100E0AAC1 /* HomePageUITests */,
				5C7EBA61240DBEDE00E0AAC1 /* Products */,
			);
			sourceTree = "<group>";
		};
		5C7EBA61240DBEDE00E0AAC1 /* Products */ = {
			isa = PBXGroup;
			children = (
				5C7EBA60240DBEDE00E0AAC1 /* HomePage.app */,
				5C7EBA74240DBEE100E0AAC1 /* HomePageTests.xctest */,
				5C7EBA7F240DBEE100E0AAC1 /* HomePageUITests.xctest */,
			);
			name = Products;
			sourceTree = "<group>";
		};
		5C7EBA62240DBEDE00E0AAC1 /* HomePage */ = {
			isa = PBXGroup;
			children = (
				5C7EBA63240DBEDE00E0AAC1 /* AppDelegate.swift */,
				5C7EBA65240DBEDE00E0AAC1 /* ViewController.swift */,
				5C7EBA67240DBEDE00E0AAC1 /* Main.storyboard */,
				5C7EBA6A240DBEE000E0AAC1 /* Assets.xcassets */,
				5C7EBA6C240DBEE000E0AAC1 /* LaunchScreen.storyboard */,
				5C7EBA6F240DBEE000E0AAC1 /* Info.plist */,
				5C7EBA91240DE94800E0AAC1 /* DesignableView.swift */,
			);
			path = HomePage;
			sourceTree = "<group>";
		};
		5C7EBA77240DBEE100E0AAC1 /* HomePageTests */ = {
			isa = PBXGroup;
			children = (
				5C7EBA78240DBEE100E0AAC1 /* HomePageTests.swift */,
				5C7EBA7A240DBEE100E0AAC1 /* Info.plist */,
			);
			path = HomePageTests;
			sourceTree = "<group>";
		};
		5C7EBA82240DBEE100E0AAC1 /* HomePageUITests */ = {
			isa = PBXGroup;
			children = (
				5C7EBA83240DBEE100E0AAC1 /* HomePageUITests.swift */,
				5C7EBA85240DBEE100E0AAC1 /* Info.plist */,
			);
			path = HomePageUITests;
			sourceTree = "<group>";
		};
/* End PBXGroup section */

/* Begin PBXNativeTarget section */
		5C7EBA5F240DBEDE00E0AAC1 /* HomePage */ = {
			isa = PBXNativeTarget;
			buildConfigurationList = 5C7EBA88240DBEE100E0AAC1 /* Build configuration list for PBXNativeTarget "HomePage" */;
			buildPhases = (
				5C7EBA5C240DBEDE00E0AAC1 /* Sources */,
				5C7EBA5D240DBEDE00E0AAC1 /* Frameworks */,
				5C7EBA5E240DBEDE00E0AAC1 /* Resources */,
			);
			buildRules = (
			);
			dependencies = (
			);
			name = HomePage;
			productName = HomePage;
			productReference = 5C7EBA60240DBEDE00E0AAC1 /* HomePage.app */;
			productType = "com.apple.product-type.application";
		};
		5C7EBA73240DBEE100E0AAC1 /* HomePageTests */ = {
			isa = PBXNativeTarget;
			buildConfigurationList = 5C7EBA8B240DBEE100E0AAC1 /* Build configuration list for PBXNativeTarget "HomePageTests" */;
			buildPhases = (
				5C7EBA70240DBEE100E0AAC1 /* Sources */,
				5C7EBA71240DBEE100E0AAC1 /* Frameworks */,
				5C7EBA72240DBEE100E0AAC1 /* Resources */,
			);
			buildRules = (
			);
			dependencies = (
				5C7EBA76240DBEE100E0AAC1 /* PBXTargetDependency */,
			);
			name = HomePageTests;
			productName = HomePageTests;
			productReference = 5C7EBA74240DBEE100E0AAC1 /* HomePageTests.xctest */;
			productType = "com.apple.product-type.bundle.unit-test";
		};
		5C7EBA7E240DBEE100E0AAC1 /* HomePageUITests */ = {
			isa = PBXNativeTarget;
			buildConfigurationList = 5C7EBA8E240DBEE100E0AAC1 /* Build configuration list for PBXNativeTarget "HomePageUITests" */;
			buildPhases = (
				5C7EBA7B240DBEE100E0AAC1 /* Sources */,
				5C7EBA7C240DBEE100E0AAC1 /* Frameworks */,
				5C7EBA7D240DBEE100E0AAC1 /* Resources */,
			);
			buildRules = (
			);
			dependencies = (
				5C7EBA81240DBEE100E0AAC1 /* PBXTargetDependency */,
			);
			name = HomePageUITests;
			productName = HomePageUITests;
			productReference = 5C7EBA7F240DBEE100E0AAC1 /* HomePageUITests.xctest */;
			productType = "com.apple.product-type.bundle.ui-testing";
		};
/* End PBXNativeTarget section */

/* Begin PBXProject section */
		5C7EBA58240DBEDE00E0AAC1 /* Project object */ = {
			isa = PBXProject;
			attributes = {
				LastSwiftUpdateCheck = 0940;
				LastUpgradeCheck = 0940;
				ORGANIZATIONNAME = "mac mojave";
				TargetAttributes = {
					5C7EBA5F240DBEDE00E0AAC1 = {
						CreatedOnToolsVersion = 9.4.1;
					};
					5C7EBA73240DBEE100E0AAC1 = {
						CreatedOnToolsVersion = 9.4.1;
						TestTargetID = 5C7EBA5F240DBEDE00E0AAC1;
					};
					5C7EBA7E240DBEE100E0AAC1 = {
						CreatedOnToolsVersion = 9.4.1;
						TestTargetID = 5C7EBA5F240DBEDE00E0AAC1;
					};
				};
			};
			buildConfigurationList = 5C7EBA5B240DBEDE00E0AAC1 /* Build configuration list for PBXProject "HomePage" */;
			compatibilityVersion = "Xcode 9.3";
			developmentRegion = en;
			hasScannedForEncodings = 0;
			knownRegions = (
				en,
				Base,
			);
			mainGroup = 5C7EBA57240DBEDE00E0AAC1;
			productRefGroup = 5C7EBA61240DBEDE00E0AAC1 /* Products */;
			projectDirPath = "";
			projectRoot = "";
			targets = (
				5C7EBA5F240DBEDE00E0AAC1 /* HomePage */,
				5C7EBA73240DBEE100E0AAC1 /* HomePageTests */,
				5C7EBA7E240DBEE100E0AAC1 /* HomePageUITests */,
			);
		};
/* End PBXProject section */

/* Begin PBXResourcesBuildPhase section */
		5C7EBA5E240DBEDE00E0AAC1 /* Resources */ = {
			isa = PBXResourcesBuildPhase;
			buildActionMask = 2147483647;
			files = (
				5C7EBA6E240DBEE000E0AAC1 /* LaunchScreen.storyboard in Resources */,
				5C7EBA6B240DBEE000E0AAC1 /* Assets.xcassets in Resources */,
				5C7EBA69240DBEDE00E0AAC1 /* Main.storyboard in Resources */,
			);
			runOnlyForDeploymentPostprocessing = 0;
		};
		5C7EBA72240DBEE100E0AAC1 /* Resources */ = {
			isa = PBXResourcesBuildPhase;
			buildActionMask = 2147483647;
			files = (
			);
			runOnlyForDeploymentPostprocessing = 0;
		};
		5C7EBA7D240DBEE100E0AAC1 /* Resources */ = {
			isa = PBXResourcesBuildPhase;
			buildActionMask = 2147483647;
			files = (
			);
			runOnlyForDeploymentPostprocessing = 0;
		};
/* End PBXResourcesBuildPhase section */

/* Begin PBXSourcesBuildPhase section */
		5C7EBA5C240DBEDE00E0AAC1 /* Sources */ = {
			isa = PBXSourcesBuildPhase;
			buildActionMask = 2147483647;
			files = (
				5C7EBA66240DBEDE00E0AAC1 /* ViewController.swift in Sources */,
				5C7EBA64240DBEDE00E0AAC1 /* AppDelegate.swift in Sources */,
				5C7EBA92240DE94800E0AAC1 /* DesignableView.swift in Sources */,
			);
			runOnlyForDeploymentPostprocessing = 0;
		};
		5C7EBA70240DBEE100E0AAC1 /* Sources */ = {
			isa = PBXSourcesBuildPhase;
			buildActionMask = 2147483647;
			files = (
				5C7EBA79240DBEE100E0AAC1 /* HomePageTests.swift in Sources */,
			);
			runOnlyForDeploymentPostprocessing = 0;
		};
		5C7EBA7B240DBEE100E0AAC1 /* Sources */ = {
			isa = PBXSourcesBuildPhase;
			buildActionMask = 2147483647;
			files = (
				5C7EBA84240DBEE100E0AAC1 /* HomePageUITests.swift in Sources */,
			);
			runOnlyForDeploymentPostprocessing = 0;
		};
/* End PBXSourcesBuildPhase section */

/* Begin PBXTargetDependency section */
		5C7EBA76240DBEE100E0AAC1 /* PBXTargetDependency */ = {
			isa = PBXTargetDependency;
			target = 5C7EBA5F240DBEDE00E0AAC1 /* HomePage */;
			targetProxy = 5C7EBA75240DBEE100E0AAC1 /* PBXContainerItemProxy */;
		};
		5C7EBA81240DBEE100E0AAC1 /* PBXTargetDependency */ = {
			isa = PBXTargetDependency;
			target = 5C7EBA5F240DBEDE00E0AAC1 /* HomePage */;
			targetProxy = 5C7EBA80240DBEE100E0AAC1 /* PBXContainerItemProxy */;
		};
/* End PBXTargetDependency section */

/* Begin PBXVariantGroup section */
		5C7EBA67240DBEDE00E0AAC1 /* Main.storyboard */ = {
			isa = PBXVariantGroup;
			children = (
				5C7EBA68240DBEDE00E0AAC1 /* Base */,
			);
			name = Main.storyboard;
			sourceTree = "<group>";
		};
		5C7EBA6C240DBEE000E0AAC1 /* LaunchScreen.storyboard */ = {
			isa = PBXVariantGroup;
			children = (
				5C7EBA6D240DBEE000E0AAC1 /* Base */,
			);
			name = LaunchScreen.storyboard;
			sourceTree = "<group>";
		};
/* End PBXVariantGroup section */

/* Begin XCBuildConfiguration section */
		5C7EBA86240DBEE100E0AAC1 /* Debug */ = {
			isa = XCBuildConfiguration;
			buildSettings = {
				ALWAYS_SEARCH_USER_PATHS = NO;
				CLANG_ANALYZER_NONNULL = YES;
				CLANG_ANALYZER_NUMBER_OBJECT_CONVERSION = YES_AGGRESSIVE;
				CLANG_CXX_LANGUAGE_STANDARD = "gnu++14";
				CLANG_CXX_LIBRARY = "libc++";
				CLANG_ENABLE_MODULES = YES;
				CLANG_ENABLE_OBJC_ARC = YES;
				CLANG_ENABLE_OBJC_WEAK = YES;
				CLANG_WARN_BLOCK_CAPTURE_AUTORELEASING = YES;
				CLANG_WARN_BOOL_CONVERSION = YES;
				CLANG_WARN_COMMA = YES;
				CLANG_WARN_CONSTANT_CONVERSION = YES;
				CLANG_WARN_DEPRECATED_OBJC_IMPLEMENTATIONS = YES;
				CLANG_WARN_DIRECT_OBJC_ISA_USAGE = YES_ERROR;
				CLANG_WARN_DOCUMENTATION_COMMENTS = YES;
				CLANG_WARN_EMPTY_BODY = YES;
				CLANG_WARN_ENUM_CONVERSION = YES;
				CLANG_WARN_INFINITE_RECURSION = YES;
				CLANG_WARN_INT_CONVERSION = YES;
				CLANG_WARN_NON_LITERAL_NULL_CONVERSION = YES;
				CLANG_WARN_OBJC_IMPLICIT_RETAIN_SELF = YES;
				CLANG_WARN_OBJC_LITERAL_CONVERSION = YES;
				CLANG_WARN_OBJC_ROOT_CLASS = YES_ERROR;
				CLANG_WARN_RANGE_LOOP_ANALYSIS = YES;
				CLANG_WARN_STRICT_PROTOTYPES = YES;
				CLANG_WARN_SUSPICIOUS_MOVE = YES;
				CLANG_WARN_UNGUARDED_AVAILABILITY = YES_AGGRESSIVE;
				CLANG_WARN_UNREACHABLE_CODE = YES;
				CLANG_WARN__DUPLICATE_METHOD_MATCH = YES;
				CODE_SIGN_IDENTITY = "iPhone Developer";
				COPY_PHASE_STRIP = NO;
				DEBUG_INFORMATION_FORMAT = dwarf;
				ENABLE_STRICT_OBJC_MSGSEND = YES;
				ENABLE_TESTABILITY = YES;
				GCC_C_LANGUAGE_STANDARD = gnu11;
				GCC_DYNAMIC_NO_PIC = NO;
				GCC_NO_COMMON_BLOCKS = YES;
				GCC_OPTIMIZATION_LEVEL = 0;
				GCC_PREPROCESSOR_DEFINITIONS = (
					"DEBUG=1",
					"$(inherited)",
				);
				GCC_WARN_64_TO_32_BIT_CONVERSION = YES;
				GCC_WARN_ABOUT_RETURN_TYPE = YES_ERROR;
				GCC_WARN_UNDECLARED_SELECTOR = YES;
				GCC_WARN_UNINITIALIZED_AUTOS = YES_AGGRESSIVE;
				GCC_WARN_UNUSED_FUNCTION = YES;
				GCC_WARN_UNUSED_VARIABLE = YES;
				IPHONEOS_DEPLOYMENT_TARGET = 11.4;
				MTL_ENABLE_DEBUG_INFO = YES;
				ONLY_ACTIVE_ARCH = YES;
				SDKROOT = iphoneos;
				SWIFT_ACTIVE_COMPILATION_CONDITIONS = DEBUG;
				SWIFT_OPTIMIZATION_LEVEL = "-Onone";
			};
			name = Debug;
		};
		5C7EBA87240DBEE100E0AAC1 /* Release */ = {
			isa = XCBuildConfiguration;
			buildSettings = {
				ALWAYS_SEARCH_USER_PATHS = NO;
				CLANG_ANALYZER_NONNULL = YES;
				CLANG_ANALYZER_NUMBER_OBJECT_CONVERSION = YES_AGGRESSIVE;
				CLANG_CXX_LANGUAGE_STANDARD = "gnu++14";
				CLANG_CXX_LIBRARY = "libc++";
				CLANG_ENABLE_MODULES = YES;
				CLANG_ENABLE_OBJC_ARC = YES;
				CLANG_ENABLE_OBJC_WEAK = YES;
				CLANG_WARN_BLOCK_CAPTURE_AUTORELEASING = YES;
				CLANG_WARN_BOOL_CONVERSION = YES;
				CLANG_WARN_COMMA = YES;
				CLANG_WARN_CONSTANT_CONVERSION = YES;
				CLANG_WARN_DEPRECATED_OBJC_IMPLEMENTATIONS = YES;
				CLANG_WARN_DIRECT_OBJC_ISA_USAGE = YES_ERROR;
				CLANG_WARN_DOCUMENTATION_COMMENTS = YES;
				CLANG_WARN_EMPTY_BODY = YES;
				CLANG_WARN_ENUM_CONVERSION = YES;
				CLANG_WARN_INFINITE_RECURSION = YES;
				CLANG_WARN_INT_CONVERSION = YES;
				CLANG_WARN_NON_LITERAL_NULL_CONVERSION = YES;
				CLANG_WARN_OBJC_IMPLICIT_RETAIN_SELF = YES;
				CLANG_WARN_OBJC_LITERAL_CONVERSION = YES;
				CLANG_WARN_OBJC_ROOT_CLASS = YES_ERROR;
				CLANG_WARN_RANGE_LOOP_ANALYSIS = YES;
				CLANG_WARN_STRICT_PROTOTYPES = YES;
				CLANG_WARN_SUSPICIOUS_MOVE = YES;
				CLANG_WARN_UNGUARDED_AVAILABILITY = YES_AGGRESSIVE;
				CLANG_WARN_UNREACHABLE_CODE = YES;
				CLANG_WARN__DUPLICATE_METHOD_MATCH = YES;
				CODE_SIGN_IDENTITY = "iPhone Developer";
				COPY_PHASE_STRIP = NO;
				DEBUG_INFORMATION_FORMAT = "dwarf-with-dsym";
				ENABLE_NS_ASSERTIONS = NO;
				ENABLE_STRICT_OBJC_MSGSEND = YES;
				GCC_C_LANGUAGE_STANDARD = gnu11;
				GCC_NO_COMMON_BLOCKS = YES;
				GCC_WARN_64_TO_32_BIT_CONVERSION = YES;
				GCC_WARN_ABOUT_RETURN_TYPE = YES_ERROR;
				GCC_WARN_UNDECLARED_SELECTOR = YES;
				GCC_WARN_UNINITIALIZED_AUTOS = YES_AGGRESSIVE;
				GCC_WARN_UNUSED_FUNCTION = YES;
				GCC_WARN_UNUSED_VARIABLE = YES;
				IPHONEOS_DEPLOYMENT_TARGET = 11.4;
				MTL_ENABLE_DEBUG_INFO = NO;
				SDKROOT = iphoneos;
				SWIFT_COMPILATION_MODE = wholemodule;
				SWIFT_OPTIMIZATION_LEVEL = "-O";
				VALIDATE_PRODUCT = YES;
			};
			name = Release;
		};
		5C7EBA89240DBEE100E0AAC1 /* Debug */ = {
			isa = XCBuildConfiguration;
			buildSettings = {
				ASSETCATALOG_COMPILER_APPICON_NAME = AppIcon;
				CODE_SIGN_STYLE = Automatic;
				INFOPLIST_FILE = HomePage/Info.plist;
				LD_RUNPATH_SEARCH_PATHS = (
					"$(inherited)",
					"@executable_path/Frameworks",
				);
				PRODUCT_BUNDLE_IDENTIFIER = CTEx.HomePage;
				PRODUCT_NAME = "$(TARGET_NAME)";
				SWIFT_VERSION = 4.0;
				TARGETED_DEVICE_FAMILY = "1,2";
			};
			name = Debug;
		};
		5C7EBA8A240DBEE100E0AAC1 /* Release */ = {
			isa = XCBuildConfiguration;
			buildSettings = {
				ASSETCATALOG_COMPILER_APPICON_NAME = AppIcon;
				CODE_SIGN_STYLE = Automatic;
				INFOPLIST_FILE = HomePage/Info.plist;
				LD_RUNPATH_SEARCH_PATHS = (
					"$(inherited)",
					"@executable_path/Frameworks",
				);
				PRODUCT_BUNDLE_IDENTIFIER = CTEx.HomePage;
				PRODUCT_NAME = "$(TARGET_NAME)";
				SWIFT_VERSION = 4.0;
				TARGETED_DEVICE_FAMILY = "1,2";
			};
			name = Release;
		};
		5C7EBA8C240DBEE100E0AAC1 /* Debug */ = {
			isa = XCBuildConfiguration;
			buildSettings = {
				ALWAYS_EMBED_SWIFT_STANDARD_LIBRARIES = YES;
				BUNDLE_LOADER = "$(TEST_HOST)";
				CODE_SIGN_STYLE = Automatic;
				INFOPLIST_FILE = HomePageTests/Info.plist;
				LD_RUNPATH_SEARCH_PATHS = (
					"$(inherited)",
					"@executable_path/Frameworks",
					"@loader_path/Frameworks",
				);
				PRODUCT_BUNDLE_IDENTIFIER = CTEx.HomePageTests;
				PRODUCT_NAME = "$(TARGET_NAME)";
				SWIFT_VERSION = 4.0;
				TARGETED_DEVICE_FAMILY = "1,2";
				TEST_HOST = "$(BUILT_PRODUCTS_DIR)/HomePage.app/HomePage";
			};
			name = Debug;
		};
		5C7EBA8D240DBEE100E0AAC1 /* Release */ = {
			isa = XCBuildConfiguration;
			buildSettings = {
				ALWAYS_EMBED_SWIFT_STANDARD_LIBRARIES = YES;
				BUNDLE_LOADER = "$(TEST_HOST)";
				CODE_SIGN_STYLE = Automatic;
				INFOPLIST_FILE = HomePageTests/Info.plist;
				LD_RUNPATH_SEARCH_PATHS = (
					"$(inherited)",
					"@executable_path/Frameworks",
					"@loader_path/Frameworks",
				);
				PRODUCT_BUNDLE_IDENTIFIER = CTEx.HomePageTests;
				PRODUCT_NAME = "$(TARGET_NAME)";
				SWIFT_VERSION = 4.0;
				TARGETED_DEVICE_FAMILY = "1,2";
				TEST_HOST = "$(BUILT_PRODUCTS_DIR)/HomePage.app/HomePage";
			};
			name = Release;
		};
		5C7EBA8F240DBEE100E0AAC1 /* Debug */ = {
			isa = XCBuildConfiguration;
			buildSettings = {
				ALWAYS_EMBED_SWIFT_STANDARD_LIBRARIES = YES;
				CODE_SIGN_STYLE = Automatic;
				INFOPLIST_FILE = HomePageUITests/Info.plist;
				LD_RUNPATH_SEARCH_PATHS = (
					"$(inherited)",
					"@executable_path/Frameworks",
					"@loader_path/Frameworks",
				);
				PRODUCT_BUNDLE_IDENTIFIER = CTEx.HomePageUITests;
				PRODUCT_NAME = "$(TARGET_NAME)";
				SWIFT_VERSION = 4.0;
				TARGETED_DEVICE_FAMILY = "1,2";
				TEST_TARGET_NAME = HomePage;
			};
			name = Debug;
		};
		5C7EBA90240DBEE100E0AAC1 /* Release */ = {
			isa = XCBuildConfiguration;
			buildSettings = {
				ALWAYS_EMBED_SWIFT_STANDARD_LIBRARIES = YES;
				CODE_SIGN_STYLE = Automatic;
				INFOPLIST_FILE = HomePageUITests/Info.plist;
				LD_RUNPATH_SEARCH_PATHS = (
					"$(inherited)",
					"@executable_path/Frameworks",
					"@loader_path/Frameworks",
				);
				PRODUCT_BUNDLE_IDENTIFIER = CTEx.HomePageUITests;
				PRODUCT_NAME = "$(TARGET_NAME)";
				SWIFT_VERSION = 4.0;
				TARGETED_DEVICE_FAMILY = "1,2";
				TEST_TARGET_NAME = HomePage;
			};
			name = Release;
		};
/* End XCBuildConfiguration section */

/* Begin XCConfigurationList section */
		5C7EBA5B240DBEDE00E0AAC1 /* Build configuration list for PBXProject "HomePage" */ = {
			isa = XCConfigurationList;
			buildConfigurations = (
				5C7EBA86240DBEE100E0AAC1 /* Debug */,
				5C7EBA87240DBEE100E0AAC1 /* Release */,
			);
			defaultConfigurationIsVisible = 0;
			defaultConfigurationName = Release;
		};
		5C7EBA88240DBEE100E0AAC1 /* Build configuration list for PBXNativeTarget "HomePage" */ = {
			isa = XCConfigurationList;
			buildConfigurations = (
				5C7EBA89240DBEE100E0AAC1 /* Debug */,
				5C7EBA8A240DBEE100E0AAC1 /* Release */,
			);
			defaultConfigurationIsVisible = 0;
			defaultConfigurationName = Release;
		};
		5C7EBA8B240DBEE100E0AAC1 /* Build configuration list for PBXNativeTarget "HomePageTests" */ = {
			isa = XCConfigurationList;
			buildConfigurations = (
				5C7EBA8C240DBEE100E0AAC1 /* Debug */,
				5C7EBA8D240DBEE100E0AAC1 /* Release */,
			);
			defaultConfigurationIsVisible = 0;
			defaultConfigurationName = Release;
		};
		5C7EBA8E240DBEE100E0AAC1 /* Build configuration list for PBXNativeTarget "HomePageUITests" */ = {
			isa = XCConfigurationList;
			buildConfigurations = (
				5C7EBA8F240DBEE100E0AAC1 /* Debug */,
				5C7EBA90240DBEE100E0AAC1 /* Release */,
			);
			defaultConfigurationIsVisible = 0;
			defaultConfigurationName = Release;
		};
/* End XCConfigurationList section */
	};
	rootObject = 5C7EBA58240DBEDE00E0AAC1 /* Project object */;
}
